{
  "version": 4,
  "terraform_version": "1.0.9",
  "serial": 35,
  "lineage": "1ffe3a3f-e1ac-1d42-2687-09853c8b735b",
  "outputs": {},
  "resources": [
    {
      "mode": "managed",
      "type": "tfe_workspace",
      "name": "se-onboarding-terraform-oss",
      "provider": "provider[\"registry.terraform.io/hashicorp/tfe\"]",
      "instances": [
        {
          "schema_version": 1,
          "attributes": {
            "agent_pool_id": "",
            "allow_destroy_plan": true,
            "auto_apply": false,
            "description": "",
            "execution_mode": "remote",
            "file_triggers_enabled": true,
            "global_remote_state": false,
            "id": "ws-NHr1n1N8RKFR1Ctm",
            "name": "se-onboarding-terraform-oss",
            "operations": true,
            "organization": "hashi_strawb_testing",
            "queue_all_runs": true,
            "remote_state_consumer_ids": [],
            "speculative_enabled": true,
            "ssh_key_id": "",
            "structured_run_output_enabled": true,
            "tag_names": [],
            "terraform_version": "1.0.8",
            "trigger_prefixes": [],
            "vcs_repo": [],
            "working_directory": ""
          },
          "sensitive_attributes": [],
          "private": "eyJzY2hlbWFfdmVyc2lvbiI6IjEifQ=="
        }
      ]
    },
    {
      "module": "module.creds",
      "mode": "managed",
      "type": "null_resource",
      "name": "doormat-refresh",
      "provider": "provider[\"registry.terraform.io/hashicorp/null\"]",
      "instances": [
        {
          "schema_version": 0,
          "attributes": {
            "id": "2860585350318470799",
            "triggers": {
              "timestamp": "2021-10-14T15:35:44Z"
            }
          },
          "sensitive_attributes": [],
          "private": "bnVsbA=="
        }
      ]
    },
    {
      "module": "module.creds",
      "mode": "managed",
      "type": "null_resource",
      "name": "push-creds",
      "provider": "provider[\"registry.terraform.io/hashicorp/null\"]",
      "instances": [
        {
          "schema_version": 0,
          "attributes": {
            "id": "4370192068498614522",
            "triggers": {
              "timestamp": "2021-10-14T15:35:47Z"
            }
          },
          "sensitive_attributes": [],
          "private": "bnVsbA==",
          "dependencies": [
            "module.creds.null_resource.doormat-refresh",
            "tfe_workspace.se-onboarding-terraform-oss"
          ]
        }
      ]
    }
  ]
}
